
Microsoft Visual Studio Solution File, Format Version 12.00
# Visual Studio Version 17
VisualStudioVersion = 17.11.35208.52
MinimumVisualStudioVersion = 10.0.40219.1
Project("{FAE04EC0-301F-11D3-BF4B-00C04F79EFBC}") = "AccruentInventoryControl.API", "AccruentInventoryControl\AccruentInventoryControl.API.csproj", "{DA443397-C7C3-45CF-94C8-48B071028CDC}"
EndProject
Project("{FAE04EC0-301F-11D3-BF4B-00C04F79EFBC}") = "AccruentInventoryControl.Domain", "AccruentInventoryControl.Domain\AccruentInventoryControl.Domain.csproj", "{9897E503-6E1B-4071-857F-5B00A3DE6D94}"
EndProject
Project("{FAE04EC0-301F-11D3-BF4B-00C04F79EFBC}") = "AccruentInventoryControl.Application", "AccruentInventoryControl.Application\AccruentInventoryControl.Application.csproj", "{743124C6-2729-4ED9-B57C-E21EDFDB7A82}"
EndProject
Project("{FAE04EC0-301F-11D3-BF4B-00C04F79EFBC}") = "AccruentInventoryControl.Infrastructure", "AccruentInventoryControl.Infrastructure\AccruentInventoryControl.Infrastructure.csproj", "{74729C6E-BD06-488E-B61C-0F018A815F3C}"
EndProject
Project("{FAE04EC0-301F-11D3-BF4B-00C04F79EFBC}") = "AccruentInventoryControl.Tests", "AccruentInventoryControl.Tests\AccruentInventoryControl.Tests.csproj", "{954DB93A-6F3A-404E-9798-F436A505420E}"
EndProject
Global
	GlobalSection(SolutionConfigurationPlatforms) = preSolution
		Debug|Any CPU = Debug|Any CPU
		Release|Any CPU = Release|Any CPU
	EndGlobalSection
	GlobalSection(ProjectConfigurationPlatforms) = postSolution
		{DA443397-C7C3-45CF-94C8-48B071028CDC}.Debug|Any CPU.ActiveCfg = Debug|Any CPU
		{DA443397-C7C3-45CF-94C8-48B071028CDC}.Debug|Any CPU.Build.0 = Debug|Any CPU
		{DA443397-C7C3-45CF-94C8-48B071028CDC}.Release|Any CPU.ActiveCfg = Release|Any CPU
		{DA443397-C7C3-45CF-94C8-48B071028CDC}.Release|Any CPU.Build.0 = Release|Any CPU
		{9897E503-6E1B-4071-857F-5B00A3DE6D94}.Debug|Any CPU.ActiveCfg = Debug|Any CPU
		{9897E503-6E1B-4071-857F-5B00A3DE6D94}.Debug|Any CPU.Build.0 = Debug|Any CPU
		{9897E503-6E1B-4071-857F-5B00A3DE6D94}.Release|Any CPU.ActiveCfg = Release|Any CPU
		{9897E503-6E1B-4071-857F-5B00A3DE6D94}.Release|Any CPU.Build.0 = Release|Any CPU
		{743124C6-2729-4ED9-B57C-E21EDFDB7A82}.Debug|Any CPU.ActiveCfg = Debug|Any CPU
		{743124C6-2729-4ED9-B57C-E21EDFDB7A82}.Debug|Any CPU.Build.0 = Debug|Any CPU
		{743124C6-2729-4ED9-B57C-E21EDFDB7A82}.Release|Any CPU.ActiveCfg = Release|Any CPU
		{743124C6-2729-4ED9-B57C-E21EDFDB7A82}.Release|Any CPU.Build.0 = Release|Any CPU
		{74729C6E-BD06-488E-B61C-0F018A815F3C}.Debug|Any CPU.ActiveCfg = Debug|Any CPU
		{74729C6E-BD06-488E-B61C-0F018A815F3C}.Debug|Any CPU.Build.0 = Debug|Any CPU
		{74729C6E-BD06-488E-B61C-0F018A815F3C}.Release|Any CPU.ActiveCfg = Release|Any CPU
		{74729C6E-BD06-488E-B61C-0F018A815F3C}.Release|Any CPU.Build.0 = Release|Any CPU
		{954DB93A-6F3A-404E-9798-F436A505420E}.Debug|Any CPU.ActiveCfg = Debug|Any CPU
		{954DB93A-6F3A-404E-9798-F436A505420E}.Debug|Any CPU.Build.0 = Debug|Any CPU
		{954DB93A-6F3A-404E-9798-F436A505420E}.Release|Any CPU.ActiveCfg = Release|Any CPU
		{954DB93A-6F3A-404E-9798-F436A505420E}.Release|Any CPU.Build.0 = Release|Any CPU
	EndGlobalSection
	GlobalSection(SolutionProperties) = preSolution
		HideSolutionNode = FALSE
	EndGlobalSection
	GlobalSection(ExtensibilityGlobals) = postSolution
		SolutionGuid = {8CCBAA5D-993C-429C-951C-119881A5AD5C}
	EndGlobalSection
EndGlobal
